
Microsoft Visual Studio Solution File, Format Version 12.00
# Visual Studio Version 17
VisualStudioVersion = 17.2.32630.192
MinimumVisualStudioVersion = 10.0.40219.1
Project("{FAE04EC0-301F-11D3-BF4B-00C04F79EFBC}") = "AlgebraicAlgorithms", "AlgebraicAlgorithms\AlgebraicAlgorithms.csproj", "{C1643622-3246-4DCF-80C2-7AE32A16D8C3}"
EndProject
Project("{FAE04EC0-301F-11D3-BF4B-00C04F79EFBC}") = "AlgebraicAlgorithms.Tests", "AlgebraicAlgorithms.Tests\AlgebraicAlgorithms.Tests.csproj", "{638EFFEB-8FC2-40E6-8365-3838BA279F60}"
EndProject
Global
	GlobalSection(SolutionConfigurationPlatforms) = preSolution
		Debug|Any CPU = Debug|Any CPU
		Release|Any CPU = Release|Any CPU
	EndGlobalSection
	GlobalSection(ProjectConfigurationPlatforms) = postSolution
		{C1643622-3246-4DCF-80C2-7AE32A16D8C3}.Debug|Any CPU.ActiveCfg = Debug|Any CPU
		{C1643622-3246-4DCF-80C2-7AE32A16D8C3}.Debug|Any CPU.Build.0 = Debug|Any CPU
		{C1643622-3246-4DCF-80C2-7AE32A16D8C3}.Release|Any CPU.ActiveCfg = Release|Any CPU
		{C1643622-3246-4DCF-80C2-7AE32A16D8C3}.Release|Any CPU.Build.0 = Release|Any CPU
		{638EFFEB-8FC2-40E6-8365-3838BA279F60}.Debug|Any CPU.ActiveCfg = Debug|Any CPU
		{638EFFEB-8FC2-40E6-8365-3838BA279F60}.Debug|Any CPU.Build.0 = Debug|Any CPU
		{638EFFEB-8FC2-40E6-8365-3838BA279F60}.Release|Any CPU.ActiveCfg = Release|Any CPU
		{638EFFEB-8FC2-40E6-8365-3838BA279F60}.Release|Any CPU.Build.0 = Release|Any CPU
	EndGlobalSection
	GlobalSection(SolutionProperties) = preSolution
		HideSolutionNode = FALSE
	EndGlobalSection
	GlobalSection(ExtensibilityGlobals) = postSolution
		SolutionGuid = {BF8E712D-4101-4562-B590-979105E1F56A}
	EndGlobalSection
EndGlobal
